
Microsoft Visual Studio Solution File, Format Version 12.00
# Visual Studio 14
VisualStudioVersion = 14.0.23107.0
MinimumVisualStudioVersion = 10.0.40219.1
Project("{2150E333-8FDC-42A3-9474-1A3956D46DE8}") = "server", "server", "{8113C256-4FFB-41A9-9772-66042C60187A}"
	ProjectSection(SolutionItems) = preProject
		server\global.json = server\global.json
		server\NuGet.Config = server\NuGet.Config
	EndProjectSection
EndProject
Project("{2150E333-8FDC-42A3-9474-1A3956D46DE8}") = "src", "src", "{C505C1AC-2C42-43A9-93FF-8E4DD099FB0C}"
EndProject
Project("{2150E333-8FDC-42A3-9474-1A3956D46DE8}") = "test", "test", "{C21AF368-BC2D-43D9-AC08-6D436701DC1F}"
EndProject
Project("{8BB2217D-0F2D-49D1-97BC-3654ED321F3B}") = "Neutron.DotNet", "server\src\Neutron.DotNet\Neutron.DotNet.xproj", "{D42F5B1D-EE77-48AE-A1B9-DB72D4CF811C}"
EndProject
Project("{8BB2217D-0F2D-49D1-97BC-3654ED321F3B}") = "Neutron.Example.Server", "server\test\Neutron.Example.Server\Neutron.Example.Server.xproj", "{35394B6D-E710-4CED-8E42-1122640D67CF}"
EndProject
Project("{9092AA53-FB77-4645-B42D-1CCCA6BD08BD}") = "neutron-shell", "neutron-shell\neutron-shell.njsproj", "{40410553-6F0A-4409-9E9C-4A5BE2B2FAC3}"
EndProject
Global
	GlobalSection(SolutionConfigurationPlatforms) = preSolution
		Debug|Any CPU = Debug|Any CPU
		Release|Any CPU = Release|Any CPU
	EndGlobalSection
	GlobalSection(ProjectConfigurationPlatforms) = postSolution
		{D42F5B1D-EE77-48AE-A1B9-DB72D4CF811C}.Debug|Any CPU.ActiveCfg = Debug|Any CPU
		{D42F5B1D-EE77-48AE-A1B9-DB72D4CF811C}.Debug|Any CPU.Build.0 = Debug|Any CPU
		{D42F5B1D-EE77-48AE-A1B9-DB72D4CF811C}.Release|Any CPU.ActiveCfg = Release|Any CPU
		{D42F5B1D-EE77-48AE-A1B9-DB72D4CF811C}.Release|Any CPU.Build.0 = Release|Any CPU
		{35394B6D-E710-4CED-8E42-1122640D67CF}.Debug|Any CPU.ActiveCfg = Debug|Any CPU
		{35394B6D-E710-4CED-8E42-1122640D67CF}.Debug|Any CPU.Build.0 = Debug|Any CPU
		{35394B6D-E710-4CED-8E42-1122640D67CF}.Release|Any CPU.ActiveCfg = Release|Any CPU
		{35394B6D-E710-4CED-8E42-1122640D67CF}.Release|Any CPU.Build.0 = Release|Any CPU
		{40410553-6F0A-4409-9E9C-4A5BE2B2FAC3}.Debug|Any CPU.ActiveCfg = Debug|Any CPU
		{40410553-6F0A-4409-9E9C-4A5BE2B2FAC3}.Debug|Any CPU.Build.0 = Debug|Any CPU
		{40410553-6F0A-4409-9E9C-4A5BE2B2FAC3}.Release|Any CPU.ActiveCfg = Release|Any CPU
		{40410553-6F0A-4409-9E9C-4A5BE2B2FAC3}.Release|Any CPU.Build.0 = Release|Any CPU
	EndGlobalSection
	GlobalSection(SolutionProperties) = preSolution
		HideSolutionNode = FALSE
	EndGlobalSection
	GlobalSection(NestedProjects) = preSolution
		{C505C1AC-2C42-43A9-93FF-8E4DD099FB0C} = {8113C256-4FFB-41A9-9772-66042C60187A}
		{C21AF368-BC2D-43D9-AC08-6D436701DC1F} = {8113C256-4FFB-41A9-9772-66042C60187A}
		{D42F5B1D-EE77-48AE-A1B9-DB72D4CF811C} = {C505C1AC-2C42-43A9-93FF-8E4DD099FB0C}
		{35394B6D-E710-4CED-8E42-1122640D67CF} = {C21AF368-BC2D-43D9-AC08-6D436701DC1F}
	EndGlobalSection
EndGlobal
